// !$*UTF8*$!
{
	archiveVersion = 1;
	classes = {
	};
	objectVersion = 50;
	objects = {

/* Begin PBXBuildFile section */
		21A17C8C258BE08300234D4D /* main.cpp in Sources */ = {isa = PBXBuildFile; fileRef = 21A17C8B258BE08300234D4D /* main.cpp */; };
		21A17C95258BE0C500234D4D /* Point.cpp in Sources */ = {isa = PBXBuildFile; fileRef = 21A17C94258BE0C500234D4D /* Point.cpp */; };
		21A17C98258BE0EC00234D4D /* DataModule.cpp in Sources */ = {isa = PBXBuildFile; fileRef = 21A17C97258BE0EC00234D4D /* DataModule.cpp */; };
		21A17C9C258BE12200234D4D /* PointPair.cpp in Sources */ = {isa = PBXBuildFile; fileRef = 21A17C9B258BE12200234D4D /* PointPair.cpp */; };
		21A17CA0258BE1E300234D4D /* HandleFiles.cpp in Sources */ = {isa = PBXBuildFile; fileRef = 21A17C9F258BE1E300234D4D /* HandleFiles.cpp */; };
		21A17CA4258BE32700234D4D /* Kirkpatrick-Seidel Algorithm.cpp in Sources */ = {isa = PBXBuildFile; fileRef = 21A17CA3258BE32700234D4D /* Kirkpatrick-Seidel Algorithm.cpp */; };
		21A17CA9258BE41700234D4D /* PointsGenerator.cpp in Sources */ = {isa = PBXBuildFile; fileRef = 21A17CA8258BE41700234D4D /* PointsGenerator.cpp */; };
		21A17CAC258BE67F00234D4D /* NonEffectiveAlgorithm.cpp in Sources */ = {isa = PBXBuildFile; fileRef = 21A17CAB258BE67F00234D4D /* NonEffectiveAlgorithm.cpp */; };
/* End PBXBuildFile section */

/* Begin PBXCopyFilesBuildPhase section */
		21A17C86258BE08300234D4D /* CopyFiles */ = {
			isa = PBXCopyFilesBuildPhase;
			buildActionMask = 2147483647;
			dstPath = /usr/share/man/man1/;
			dstSubfolderSpec = 0;
			files = (
			);
			runOnlyForDeploymentPostprocessing = 1;
		};
/* End PBXCopyFilesBuildPhase section */

/* Begin PBXFileReference section */
		21A17C88258BE08300234D4D /* ConvexHull */ = {isa = PBXFileReference; explicitFileType = "compiled.mach-o.executable"; includeInIndex = 0; path = ConvexHull; sourceTree = BUILT_PRODUCTS_DIR; };
		21A17C8B258BE08300234D4D /* main.cpp */ = {isa = PBXFileReference; lastKnownFileType = sourcecode.cpp.cpp; path = main.cpp; sourceTree = "<group>"; };
		21A17C94258BE0C500234D4D /* Point.cpp */ = {isa = PBXFileReference; lastKnownFileType = sourcecode.cpp.cpp; path = Point.cpp; sourceTree = "<group>"; };
		21A17C97258BE0EC00234D4D /* DataModule.cpp */ = {isa = PBXFileReference; lastKnownFileType = sourcecode.cpp.cpp; path = DataModule.cpp; sourceTree = "<group>"; };
		21A17C9B258BE12200234D4D /* PointPair.cpp */ = {isa = PBXFileReference; lastKnownFileType = sourcecode.cpp.cpp; path = PointPair.cpp; sourceTree = "<group>"; };
		21A17C9F258BE1E300234D4D /* HandleFiles.cpp */ = {isa = PBXFileReference; lastKnownFileType = sourcecode.cpp.cpp; path = HandleFiles.cpp; sourceTree = "<group>"; };
		21A17CA3258BE32700234D4D /* Kirkpatrick-Seidel Algorithm.cpp */ = {isa = PBXFileReference; lastKnownFileType = sourcecode.cpp.cpp; path = "Kirkpatrick-Seidel Algorithm.cpp"; sourceTree = "<group>"; };
		21A17CA8258BE41700234D4D /* PointsGenerator.cpp */ = {isa = PBXFileReference; lastKnownFileType = sourcecode.cpp.cpp; path = PointsGenerator.cpp; sourceTree = "<group>"; };
		21A17CAB258BE67F00234D4D /* NonEffectiveAlgorithm.cpp */ = {isa = PBXFileReference; lastKnownFileType = sourcecode.cpp.cpp; path = NonEffectiveAlgorithm.cpp; sourceTree = "<group>"; };
/* End PBXFileReference section */

/* Begin PBXFrameworksBuildPhase section */
		21A17C85258BE08300234D4D /* Frameworks */ = {
			isa = PBXFrameworksBuildPhase;
			buildActionMask = 2147483647;
			files = (
			);
			runOnlyForDeploymentPostprocessing = 0;
		};
/* End PBXFrameworksBuildPhase section */

/* Begin PBXGroup section */
		21A17C7F258BE08300234D4D = {
			isa = PBXGroup;
			children = (
				21A17CAE258BE68500234D4D /* NonEffectiveAlgorithm */,
				21A17CA7258BE40900234D4D /* Helpers */,
				21A17CA2258BE31300234D4D /* Kirkpatrick-Seidel */,
				21A17C93258BE0AF00234D4D /* DataStructures */,
				21A17C8A258BE08300234D4D /* ConvexHull */,
				21A17C89258BE08300234D4D /* Products */,
			);
			sourceTree = "<group>";
		};
		21A17C89258BE08300234D4D /* Products */ = {
			isa = PBXGroup;
			children = (
				21A17C88258BE08300234D4D /* ConvexHull */,
			);
			name = Products;
			sourceTree = "<group>";
		};
		21A17C8A258BE08300234D4D /* ConvexHull */ = {
			isa = PBXGroup;
			children = (
				21A17C8B258BE08300234D4D /* main.cpp */,
			);
			path = ConvexHull;
			sourceTree = "<group>";
		};
		21A17C93258BE0AF00234D4D /* DataStructures */ = {
			isa = PBXGroup;
			children = (
				21A17C97258BE0EC00234D4D /* DataModule.cpp */,
				21A17C9F258BE1E300234D4D /* HandleFiles.cpp */,
				21A17C94258BE0C500234D4D /* Point.cpp */,
				21A17C9B258BE12200234D4D /* PointPair.cpp */,
			);
			path = DataStructures;
			sourceTree = "<group>";
		};
		21A17CA2258BE31300234D4D /* Kirkpatrick-Seidel */ = {
			isa = PBXGroup;
			children = (
				21A17CA3258BE32700234D4D /* Kirkpatrick-Seidel Algorithm.cpp */,
			);
			path = "Kirkpatrick-Seidel";
			sourceTree = "<group>";
		};
		21A17CA7258BE40900234D4D /* Helpers */ = {
			isa = PBXGroup;
			children = (
				21A17CA8258BE41700234D4D /* PointsGenerator.cpp */,
			);
			path = Helpers;
			sourceTree = "<group>";
		};
		21A17CAE258BE68500234D4D /* NonEffectiveAlgorithm */ = {
			isa = PBXGroup;
			children = (
				21A17CAB258BE67F00234D4D /* NonEffectiveAlgorithm.cpp */,
			);
			path = NonEffectiveAlgorithm;
			sourceTree = "<group>";
		};
/* End PBXGroup section */

/* Begin PBXNativeTarget section */
		21A17C87258BE08300234D4D /* ConvexHull */ = {
			isa = PBXNativeTarget;
			buildConfigurationList = 21A17C8F258BE08300234D4D /* Build configuration list for PBXNativeTarget "ConvexHull" */;
			buildPhases = (
				21A17C84258BE08300234D4D /* Sources */,
				21A17C85258BE08300234D4D /* Frameworks */,
				21A17C86258BE08300234D4D /* CopyFiles */,
			);
			buildRules = (
			);
			dependencies = (
			);
			name = ConvexHull;
			productName = ConvexHull;
			productReference = 21A17C88258BE08300234D4D /* ConvexHull */;
			productType = "com.apple.product-type.tool";
		};
/* End PBXNativeTarget section */

/* Begin PBXProject section */
		21A17C80258BE08300234D4D /* Project object */ = {
			isa = PBXProject;
			attributes = {
				LastUpgradeCheck = 1220;
				TargetAttributes = {
					21A17C87258BE08300234D4D = {
						CreatedOnToolsVersion = 12.2;
					};
				};
			};
			buildConfigurationList = 21A17C83258BE08300234D4D /* Build configuration list for PBXProject "ConvexHull" */;
			compatibilityVersion = "Xcode 9.3";
			developmentRegion = en;
			hasScannedForEncodings = 0;
			knownRegions = (
				en,
				Base,
			);
			mainGroup = 21A17C7F258BE08300234D4D;
			productRefGroup = 21A17C89258BE08300234D4D /* Products */;
			projectDirPath = "";
			projectRoot = "";
			targets = (
				21A17C87258BE08300234D4D /* ConvexHull */,
			);
		};
/* End PBXProject section */

/* Begin PBXSourcesBuildPhase section */
		21A17C84258BE08300234D4D /* Sources */ = {
			isa = PBXSourcesBuildPhase;
			buildActionMask = 2147483647;
			files = (
				21A17C9C258BE12200234D4D /* PointPair.cpp in Sources */,
				21A17CA9258BE41700234D4D /* PointsGenerator.cpp in Sources */,
				21A17CA0258BE1E300234D4D /* HandleFiles.cpp in Sources */,
				21A17CA4258BE32700234D4D /* Kirkpatrick-Seidel Algorithm.cpp in Sources */,
				21A17C98258BE0EC00234D4D /* DataModule.cpp in Sources */,
				21A17CAC258BE67F00234D4D /* NonEffectiveAlgorithm.cpp in Sources */,
				21A17C95258BE0C500234D4D /* Point.cpp in Sources */,
				21A17C8C258BE08300234D4D /* main.cpp in Sources */,
			);
			runOnlyForDeploymentPostprocessing = 0;
		};
/* End PBXSourcesBuildPhase section */

/* Begin XCBuildConfiguration section */
		21A17C8D258BE08300234D4D /* Debug */ = {
			isa = XCBuildConfiguration;
			buildSettings = {
				ALWAYS_SEARCH_USER_PATHS = NO;
				CLANG_ANALYZER_NONNULL = YES;
				CLANG_ANALYZER_NUMBER_OBJECT_CONVERSION = YES_AGGRESSIVE;
				CLANG_CXX_LANGUAGE_STANDARD = "gnu++17";
				CLANG_CXX_LIBRARY = "libc++";
				CLANG_ENABLE_MODULES = YES;
				CLANG_ENABLE_OBJC_ARC = YES;
				CLANG_ENABLE_OBJC_WEAK = YES;
				CLANG_WARN_BLOCK_CAPTURE_AUTORELEASING = YES;
				CLANG_WARN_BOOL_CONVERSION = YES;
				CLANG_WARN_COMMA = YES;
				CLANG_WARN_CONSTANT_CONVERSION = YES;
				CLANG_WARN_DEPRECATED_OBJC_IMPLEMENTATIONS = YES;
				CLANG_WARN_DIRECT_OBJC_ISA_USAGE = YES_ERROR;
				CLANG_WARN_DOCUMENTATION_COMMENTS = YES;
				CLANG_WARN_EMPTY_BODY = YES;
				CLANG_WARN_ENUM_CONVERSION = YES;
				CLANG_WARN_INFINITE_RECURSION = YES;
				CLANG_WARN_INT_CONVERSION = YES;
				CLANG_WARN_NON_LITERAL_NULL_CONVERSION = YES;
				CLANG_WARN_OBJC_IMPLICIT_RETAIN_SELF = YES;
				CLANG_WARN_OBJC_LITERAL_CONVERSION = YES;
				CLANG_WARN_OBJC_ROOT_CLASS = YES_ERROR;
				CLANG_WARN_QUOTED_INCLUDE_IN_FRAMEWORK_HEADER = YES;
				CLANG_WARN_RANGE_LOOP_ANALYSIS = YES;
				CLANG_WARN_STRICT_PROTOTYPES = YES;
				CLANG_WARN_SUSPICIOUS_MOVE = YES;
				CLANG_WARN_UNGUARDED_AVAILABILITY = YES_AGGRESSIVE;
				CLANG_WARN_UNREACHABLE_CODE = YES;
				CLANG_WARN__DUPLICATE_METHOD_MATCH = YES;
				COPY_PHASE_STRIP = NO;
				DEBUG_INFORMATION_FORMAT = dwarf;
				ENABLE_STRICT_OBJC_MSGSEND = YES;
				ENABLE_TESTABILITY = YES;
				GCC_C_LANGUAGE_STANDARD = gnu11;
				GCC_DYNAMIC_NO_PIC = NO;
				GCC_NO_COMMON_BLOCKS = YES;
				GCC_OPTIMIZATION_LEVEL = 0;
				GCC_PREPROCESSOR_DEFINITIONS = (
					"DEBUG=1",
					"$(inherited)",
				);
				GCC_WARN_64_TO_32_BIT_CONVERSION = YES;
				GCC_WARN_ABOUT_RETURN_TYPE = YES_ERROR;
				GCC_WARN_UNDECLARED_SELECTOR = YES;
				GCC_WARN_UNINITIALIZED_AUTOS = YES_AGGRESSIVE;
				GCC_WARN_UNUSED_FUNCTION = YES;
				GCC_WARN_UNUSED_VARIABLE = YES;
				MACOSX_DEPLOYMENT_TARGET = 11.0;
				MTL_ENABLE_DEBUG_INFO = INCLUDE_SOURCE;
				MTL_FAST_MATH = YES;
				ONLY_ACTIVE_ARCH = YES;
				SDKROOT = macosx;
			};
			name = Debug;
		};
		21A17C8E258BE08300234D4D /* Release */ = {
			isa = XCBuildConfiguration;
			buildSettings = {
				ALWAYS_SEARCH_USER_PATHS = NO;
				CLANG_ANALYZER_NONNULL = YES;
				CLANG_ANALYZER_NUMBER_OBJECT_CONVERSION = YES_AGGRESSIVE;
				CLANG_CXX_LANGUAGE_STANDARD = "gnu++17";
				CLANG_CXX_LIBRARY = "libc++";
				CLANG_ENABLE_MODULES = YES;
				CLANG_ENABLE_OBJC_ARC = YES;
				CLANG_ENABLE_OBJC_WEAK = YES;
				CLANG_WARN_BLOCK_CAPTURE_AUTORELEASING = YES;
				CLANG_WARN_BOOL_CONVERSION = YES;
				CLANG_WARN_COMMA = YES;
				CLANG_WARN_CONSTANT_CONVERSION = YES;
				CLANG_WARN_DEPRECATED_OBJC_IMPLEMENTATIONS = YES;
				CLANG_WARN_DIRECT_OBJC_ISA_USAGE = YES_ERROR;
				CLANG_WARN_DOCUMENTATION_COMMENTS = YES;
				CLANG_WARN_EMPTY_BODY = YES;
				CLANG_WARN_ENUM_CONVERSION = YES;
				CLANG_WARN_INFINITE_RECURSION = YES;
				CLANG_WARN_INT_CONVERSION = YES;
				CLANG_WARN_NON_LITERAL_NULL_CONVERSION = YES;
				CLANG_WARN_OBJC_IMPLICIT_RETAIN_SELF = YES;
				CLANG_WARN_OBJC_LITERAL_CONVERSION = YES;
				CLANG_WARN_OBJC_ROOT_CLASS = YES_ERROR;
				CLANG_WARN_QUOTED_INCLUDE_IN_FRAMEWORK_HEADER = YES;
				CLANG_WARN_RANGE_LOOP_ANALYSIS = YES;
				CLANG_WARN_STRICT_PROTOTYPES = YES;
				CLANG_WARN_SUSPICIOUS_MOVE = YES;
				CLANG_WARN_UNGUARDED_AVAILABILITY = YES_AGGRESSIVE;
				CLANG_WARN_UNREACHABLE_CODE = YES;
				CLANG_WARN__DUPLICATE_METHOD_MATCH = YES;
				COPY_PHASE_STRIP = NO;
				DEBUG_INFORMATION_FORMAT = "dwarf-with-dsym";
				ENABLE_NS_ASSERTIONS = NO;
				ENABLE_STRICT_OBJC_MSGSEND = YES;
				GCC_C_LANGUAGE_STANDARD = gnu11;
				GCC_NO_COMMON_BLOCKS = YES;
				GCC_WARN_64_TO_32_BIT_CONVERSION = YES;
				GCC_WARN_ABOUT_RETURN_TYPE = YES_ERROR;
				GCC_WARN_UNDECLARED_SELECTOR = YES;
				GCC_WARN_UNINITIALIZED_AUTOS = YES_AGGRESSIVE;
				GCC_WARN_UNUSED_FUNCTION = YES;
				GCC_WARN_UNUSED_VARIABLE = YES;
				MACOSX_DEPLOYMENT_TARGET = 11.0;
				MTL_ENABLE_DEBUG_INFO = NO;
				MTL_FAST_MATH = YES;
				SDKROOT = macosx;
			};
			name = Release;
		};
		21A17C90258BE08300234D4D /* Debug */ = {
			isa = XCBuildConfiguration;
			buildSettings = {
				CODE_SIGN_STYLE = Automatic;
				DEVELOPMENT_TEAM = N8G9Q3V5FX;
				ENABLE_HARDENED_RUNTIME = YES;
				PRODUCT_NAME = "$(TARGET_NAME)";
			};
			name = Debug;
		};
		21A17C91258BE08300234D4D /* Release */ = {
			isa = XCBuildConfiguration;
			buildSettings = {
				CODE_SIGN_STYLE = Automatic;
				DEVELOPMENT_TEAM = N8G9Q3V5FX;
				ENABLE_HARDENED_RUNTIME = YES;
				PRODUCT_NAME = "$(TARGET_NAME)";
			};
			name = Release;
		};
/* End XCBuildConfiguration section */

/* Begin XCConfigurationList section */
		21A17C83258BE08300234D4D /* Build configuration list for PBXProject "ConvexHull" */ = {
			isa = XCConfigurationList;
			buildConfigurations = (
				21A17C8D258BE08300234D4D /* Debug */,
				21A17C8E258BE08300234D4D /* Release */,
			);
			defaultConfigurationIsVisible = 0;
			defaultConfigurationName = Release;
		};
		21A17C8F258BE08300234D4D /* Build configuration list for PBXNativeTarget "ConvexHull" */ = {
			isa = XCConfigurationList;
			buildConfigurations = (
				21A17C90258BE08300234D4D /* Debug */,
				21A17C91258BE08300234D4D /* Release */,
			);
			defaultConfigurationIsVisible = 0;
			defaultConfigurationName = Release;
		};
/* End XCConfigurationList section */
	};
	rootObject = 21A17C80258BE08300234D4D /* Project object */;
}
