// !$*UTF8*$!
{
	archiveVersion = 1;
	classes = {
	};
	objectVersion = 55;
	objects = {

/* Begin PBXBuildFile section */
		215A0FB228463B25002C8DED /* Advection1D.swift in Sources */ = {isa = PBXBuildFile; fileRef = 215A0FB128463B25002C8DED /* Advection1D.swift */; };
		215A0FB628463CE5002C8DED /* Algorithm.swift in Sources */ = {isa = PBXBuildFile; fileRef = 215A0FB528463CE5002C8DED /* Algorithm.swift */; };
		216B5DF7284F72F70025025E /* Interpolated1D.swift in Sources */ = {isa = PBXBuildFile; fileRef = 216B5DF6284F72F70025025E /* Interpolated1D.swift */; };
		216B5DF9284F87DC0025025E /* Node.swift in Sources */ = {isa = PBXBuildFile; fileRef = 216B5DF8284F87DC0025025E /* Node.swift */; };
		21C6F86C2848C036005846C7 /* Grid.swift in Sources */ = {isa = PBXBuildFile; fileRef = 21C6F86B2848C036005846C7 /* Grid.swift */; };
		21C6F86F2848C4EB005846C7 /* ArticleProfiles.swift in Sources */ = {isa = PBXBuildFile; fileRef = 21C6F86E2848C4EB005846C7 /* ArticleProfiles.swift */; };
		21C6F8762848CDF6005846C7 /* PPM.swift in Sources */ = {isa = PBXBuildFile; fileRef = 21C6F8752848CDF6005846C7 /* PPM.swift */; };
		21C6F8782848CDFB005846C7 /* PPML.swift in Sources */ = {isa = PBXBuildFile; fileRef = 21C6F8772848CDFB005846C7 /* PPML.swift */; };
		21ED477828441439001D61FA /* main.swift in Sources */ = {isa = PBXBuildFile; fileRef = 21ED477728441439001D61FA /* main.swift */; };
		21ED4780284414B3001D61FA /* Algorithm1D.swift in Sources */ = {isa = PBXBuildFile; fileRef = 21ED477F284414B3001D61FA /* Algorithm1D.swift */; };
/* End PBXBuildFile section */

/* Begin PBXCopyFilesBuildPhase section */
		21ED477228441439001D61FA /* CopyFiles */ = {
			isa = PBXCopyFilesBuildPhase;
			buildActionMask = 2147483647;
			dstPath = /usr/share/man/man1/;
			dstSubfolderSpec = 0;
			files = (
			);
			runOnlyForDeploymentPostprocessing = 1;
		};
/* End PBXCopyFilesBuildPhase section */

/* Begin PBXFileReference section */
		215A0FB128463B25002C8DED /* Advection1D.swift */ = {isa = PBXFileReference; lastKnownFileType = sourcecode.swift; path = Advection1D.swift; sourceTree = "<group>"; };
		215A0FB528463CE5002C8DED /* Algorithm.swift */ = {isa = PBXFileReference; lastKnownFileType = sourcecode.swift; path = Algorithm.swift; sourceTree = "<group>"; };
		216B5DF6284F72F70025025E /* Interpolated1D.swift */ = {isa = PBXFileReference; lastKnownFileType = sourcecode.swift; path = Interpolated1D.swift; sourceTree = "<group>"; };
		216B5DF8284F87DC0025025E /* Node.swift */ = {isa = PBXFileReference; lastKnownFileType = sourcecode.swift; path = Node.swift; sourceTree = "<group>"; };
		21C6F86B2848C036005846C7 /* Grid.swift */ = {isa = PBXFileReference; lastKnownFileType = sourcecode.swift; path = Grid.swift; sourceTree = "<group>"; };
		21C6F86E2848C4EB005846C7 /* ArticleProfiles.swift */ = {isa = PBXFileReference; lastKnownFileType = sourcecode.swift; path = ArticleProfiles.swift; sourceTree = "<group>"; };
		21C6F8752848CDF6005846C7 /* PPM.swift */ = {isa = PBXFileReference; lastKnownFileType = sourcecode.swift; path = PPM.swift; sourceTree = "<group>"; };
		21C6F8772848CDFB005846C7 /* PPML.swift */ = {isa = PBXFileReference; lastKnownFileType = sourcecode.swift; path = PPML.swift; sourceTree = "<group>"; };
		21ED477428441439001D61FA /* GasDynamics */ = {isa = PBXFileReference; explicitFileType = "compiled.mach-o.executable"; includeInIndex = 0; path = GasDynamics; sourceTree = BUILT_PRODUCTS_DIR; };
		21ED477728441439001D61FA /* main.swift */ = {isa = PBXFileReference; lastKnownFileType = sourcecode.swift; path = main.swift; sourceTree = "<group>"; };
		21ED477F284414B3001D61FA /* Algorithm1D.swift */ = {isa = PBXFileReference; lastKnownFileType = sourcecode.swift; path = Algorithm1D.swift; sourceTree = "<group>"; };
/* End PBXFileReference section */

/* Begin PBXFrameworksBuildPhase section */
		21ED477128441439001D61FA /* Frameworks */ = {
			isa = PBXFrameworksBuildPhase;
			buildActionMask = 2147483647;
			files = (
			);
			runOnlyForDeploymentPostprocessing = 0;
		};
/* End PBXFrameworksBuildPhase section */

/* Begin PBXGroup section */
		215A0FB328463C5F002C8DED /* Base */ = {
			isa = PBXGroup;
			children = (
				21ED477F284414B3001D61FA /* Algorithm1D.swift */,
				216B5DF8284F87DC0025025E /* Node.swift */,
			);
			path = Base;
			sourceTree = "<group>";
		};
		21B1F371284624C900C30E7C /* 1D */ = {
			isa = PBXGroup;
			children = (
				215A0FB328463C5F002C8DED /* Base */,
				21C6F86D2848C4D5005846C7 /* Advection1D */,
			);
			path = 1D;
			sourceTree = "<group>";
		};
		21C6F86A2848C028005846C7 /* Base */ = {
			isa = PBXGroup;
			children = (
				215A0FB528463CE5002C8DED /* Algorithm.swift */,
				21C6F86B2848C036005846C7 /* Grid.swift */,
			);
			path = Base;
			sourceTree = "<group>";
		};
		21C6F86D2848C4D5005846C7 /* Advection1D */ = {
			isa = PBXGroup;
			children = (
				215A0FB128463B25002C8DED /* Advection1D.swift */,
				21C6F8742848CDC6005846C7 /* Schemes */,
				21C6F8792848CE12005846C7 /* Tests */,
			);
			path = Advection1D;
			sourceTree = "<group>";
		};
		21C6F8742848CDC6005846C7 /* Schemes */ = {
			isa = PBXGroup;
			children = (
				216B5DF6284F72F70025025E /* Interpolated1D.swift */,
				21C6F8752848CDF6005846C7 /* PPM.swift */,
				21C6F8772848CDFB005846C7 /* PPML.swift */,
			);
			path = Schemes;
			sourceTree = "<group>";
		};
		21C6F8792848CE12005846C7 /* Tests */ = {
			isa = PBXGroup;
			children = (
				21C6F86E2848C4EB005846C7 /* ArticleProfiles.swift */,
			);
			path = Tests;
			sourceTree = "<group>";
		};
		21ED476B28441439001D61FA = {
			isa = PBXGroup;
			children = (
				21ED477628441439001D61FA /* GasDynamics */,
				21ED477528441439001D61FA /* Products */,
			);
			sourceTree = "<group>";
		};
		21ED477528441439001D61FA /* Products */ = {
			isa = PBXGroup;
			children = (
				21ED477428441439001D61FA /* GasDynamics */,
			);
			name = Products;
			sourceTree = "<group>";
		};
		21ED477628441439001D61FA /* GasDynamics */ = {
			isa = PBXGroup;
			children = (
				21ED477728441439001D61FA /* main.swift */,
				21ED477E284414A9001D61FA /* Methods */,
			);
			path = GasDynamics;
			sourceTree = "<group>";
		};
		21ED477E284414A9001D61FA /* Methods */ = {
			isa = PBXGroup;
			children = (
				21C6F86A2848C028005846C7 /* Base */,
				21B1F371284624C900C30E7C /* 1D */,
			);
			path = Methods;
			sourceTree = "<group>";
		};
/* End PBXGroup section */

/* Begin PBXNativeTarget section */
		21ED477328441439001D61FA /* GasDynamics */ = {
			isa = PBXNativeTarget;
			buildConfigurationList = 21ED477B28441439001D61FA /* Build configuration list for PBXNativeTarget "GasDynamics" */;
			buildPhases = (
				21ED477028441439001D61FA /* Sources */,
				21ED477128441439001D61FA /* Frameworks */,
				21ED477228441439001D61FA /* CopyFiles */,
			);
			buildRules = (
			);
			dependencies = (
			);
			name = GasDynamics;
			productName = GasDynamics;
			productReference = 21ED477428441439001D61FA /* GasDynamics */;
			productType = "com.apple.product-type.tool";
		};
/* End PBXNativeTarget section */

/* Begin PBXProject section */
		21ED476C28441439001D61FA /* Project object */ = {
			isa = PBXProject;
			attributes = {
				BuildIndependentTargetsInParallel = 1;
				LastSwiftUpdateCheck = 1340;
				LastUpgradeCheck = 1340;
				TargetAttributes = {
					21ED477328441439001D61FA = {
						CreatedOnToolsVersion = 13.4;
					};
				};
			};
			buildConfigurationList = 21ED476F28441439001D61FA /* Build configuration list for PBXProject "GasDynamics" */;
			compatibilityVersion = "Xcode 13.0";
			developmentRegion = en;
			hasScannedForEncodings = 0;
			knownRegions = (
				en,
				Base,
			);
			mainGroup = 21ED476B28441439001D61FA;
			productRefGroup = 21ED477528441439001D61FA /* Products */;
			projectDirPath = "";
			projectRoot = "";
			targets = (
				21ED477328441439001D61FA /* GasDynamics */,
			);
		};
/* End PBXProject section */

/* Begin PBXSourcesBuildPhase section */
		21ED477028441439001D61FA /* Sources */ = {
			isa = PBXSourcesBuildPhase;
			buildActionMask = 2147483647;
			files = (
				21C6F86F2848C4EB005846C7 /* ArticleProfiles.swift in Sources */,
				216B5DF9284F87DC0025025E /* Node.swift in Sources */,
				21C6F8762848CDF6005846C7 /* PPM.swift in Sources */,
				215A0FB628463CE5002C8DED /* Algorithm.swift in Sources */,
				21C6F8782848CDFB005846C7 /* PPML.swift in Sources */,
				216B5DF7284F72F70025025E /* Interpolated1D.swift in Sources */,
				21ED477828441439001D61FA /* main.swift in Sources */,
				21ED4780284414B3001D61FA /* Algorithm1D.swift in Sources */,
				21C6F86C2848C036005846C7 /* Grid.swift in Sources */,
				215A0FB228463B25002C8DED /* Advection1D.swift in Sources */,
			);
			runOnlyForDeploymentPostprocessing = 0;
		};
/* End PBXSourcesBuildPhase section */

/* Begin XCBuildConfiguration section */
		21ED477928441439001D61FA /* Debug */ = {
			isa = XCBuildConfiguration;
			buildSettings = {
				ALWAYS_SEARCH_USER_PATHS = NO;
				CLANG_ANALYZER_NONNULL = YES;
				CLANG_ANALYZER_NUMBER_OBJECT_CONVERSION = YES_AGGRESSIVE;
				CLANG_CXX_LANGUAGE_STANDARD = "gnu++17";
				CLANG_ENABLE_MODULES = YES;
				CLANG_ENABLE_OBJC_ARC = YES;
				CLANG_ENABLE_OBJC_WEAK = YES;
				CLANG_WARN_BLOCK_CAPTURE_AUTORELEASING = YES;
				CLANG_WARN_BOOL_CONVERSION = YES;
				CLANG_WARN_COMMA = YES;
				CLANG_WARN_CONSTANT_CONVERSION = YES;
				CLANG_WARN_DEPRECATED_OBJC_IMPLEMENTATIONS = YES;
				CLANG_WARN_DIRECT_OBJC_ISA_USAGE = YES_ERROR;
				CLANG_WARN_DOCUMENTATION_COMMENTS = YES;
				CLANG_WARN_EMPTY_BODY = YES;
				CLANG_WARN_ENUM_CONVERSION = YES;
				CLANG_WARN_INFINITE_RECURSION = YES;
				CLANG_WARN_INT_CONVERSION = YES;
				CLANG_WARN_NON_LITERAL_NULL_CONVERSION = YES;
				CLANG_WARN_OBJC_IMPLICIT_RETAIN_SELF = YES;
				CLANG_WARN_OBJC_LITERAL_CONVERSION = YES;
				CLANG_WARN_OBJC_ROOT_CLASS = YES_ERROR;
				CLANG_WARN_QUOTED_INCLUDE_IN_FRAMEWORK_HEADER = YES;
				CLANG_WARN_RANGE_LOOP_ANALYSIS = YES;
				CLANG_WARN_STRICT_PROTOTYPES = YES;
				CLANG_WARN_SUSPICIOUS_MOVE = YES;
				CLANG_WARN_UNGUARDED_AVAILABILITY = YES_AGGRESSIVE;
				CLANG_WARN_UNREACHABLE_CODE = YES;
				CLANG_WARN__DUPLICATE_METHOD_MATCH = YES;
				COPY_PHASE_STRIP = NO;
				DEBUG_INFORMATION_FORMAT = dwarf;
				ENABLE_STRICT_OBJC_MSGSEND = YES;
				ENABLE_TESTABILITY = YES;
				GCC_C_LANGUAGE_STANDARD = gnu11;
				GCC_DYNAMIC_NO_PIC = NO;
				GCC_NO_COMMON_BLOCKS = YES;
				GCC_OPTIMIZATION_LEVEL = 0;
				GCC_PREPROCESSOR_DEFINITIONS = (
					"DEBUG=1",
					"$(inherited)",
				);
				GCC_WARN_64_TO_32_BIT_CONVERSION = YES;
				GCC_WARN_ABOUT_RETURN_TYPE = YES_ERROR;
				GCC_WARN_UNDECLARED_SELECTOR = YES;
				GCC_WARN_UNINITIALIZED_AUTOS = YES_AGGRESSIVE;
				GCC_WARN_UNUSED_FUNCTION = YES;
				GCC_WARN_UNUSED_VARIABLE = YES;
				MACOSX_DEPLOYMENT_TARGET = 12.1;
				MTL_ENABLE_DEBUG_INFO = INCLUDE_SOURCE;
				MTL_FAST_MATH = YES;
				ONLY_ACTIVE_ARCH = YES;
				SDKROOT = macosx;
				SWIFT_ACTIVE_COMPILATION_CONDITIONS = DEBUG;
				SWIFT_OPTIMIZATION_LEVEL = "-Onone";
			};
			name = Debug;
		};
		21ED477A28441439001D61FA /* Release */ = {
			isa = XCBuildConfiguration;
			buildSettings = {
				ALWAYS_SEARCH_USER_PATHS = NO;
				CLANG_ANALYZER_NONNULL = YES;
				CLANG_ANALYZER_NUMBER_OBJECT_CONVERSION = YES_AGGRESSIVE;
				CLANG_CXX_LANGUAGE_STANDARD = "gnu++17";
				CLANG_ENABLE_MODULES = YES;
				CLANG_ENABLE_OBJC_ARC = YES;
				CLANG_ENABLE_OBJC_WEAK = YES;
				CLANG_WARN_BLOCK_CAPTURE_AUTORELEASING = YES;
				CLANG_WARN_BOOL_CONVERSION = YES;
				CLANG_WARN_COMMA = YES;
				CLANG_WARN_CONSTANT_CONVERSION = YES;
				CLANG_WARN_DEPRECATED_OBJC_IMPLEMENTATIONS = YES;
				CLANG_WARN_DIRECT_OBJC_ISA_USAGE = YES_ERROR;
				CLANG_WARN_DOCUMENTATION_COMMENTS = YES;
				CLANG_WARN_EMPTY_BODY = YES;
				CLANG_WARN_ENUM_CONVERSION = YES;
				CLANG_WARN_INFINITE_RECURSION = YES;
				CLANG_WARN_INT_CONVERSION = YES;
				CLANG_WARN_NON_LITERAL_NULL_CONVERSION = YES;
				CLANG_WARN_OBJC_IMPLICIT_RETAIN_SELF = YES;
				CLANG_WARN_OBJC_LITERAL_CONVERSION = YES;
				CLANG_WARN_OBJC_ROOT_CLASS = YES_ERROR;
				CLANG_WARN_QUOTED_INCLUDE_IN_FRAMEWORK_HEADER = YES;
				CLANG_WARN_RANGE_LOOP_ANALYSIS = YES;
				CLANG_WARN_STRICT_PROTOTYPES = YES;
				CLANG_WARN_SUSPICIOUS_MOVE = YES;
				CLANG_WARN_UNGUARDED_AVAILABILITY = YES_AGGRESSIVE;
				CLANG_WARN_UNREACHABLE_CODE = YES;
				CLANG_WARN__DUPLICATE_METHOD_MATCH = YES;
				COPY_PHASE_STRIP = NO;
				DEBUG_INFORMATION_FORMAT = "dwarf-with-dsym";
				ENABLE_NS_ASSERTIONS = NO;
				ENABLE_STRICT_OBJC_MSGSEND = YES;
				GCC_C_LANGUAGE_STANDARD = gnu11;
				GCC_NO_COMMON_BLOCKS = YES;
				GCC_WARN_64_TO_32_BIT_CONVERSION = YES;
				GCC_WARN_ABOUT_RETURN_TYPE = YES_ERROR;
				GCC_WARN_UNDECLARED_SELECTOR = YES;
				GCC_WARN_UNINITIALIZED_AUTOS = YES_AGGRESSIVE;
				GCC_WARN_UNUSED_FUNCTION = YES;
				GCC_WARN_UNUSED_VARIABLE = YES;
				MACOSX_DEPLOYMENT_TARGET = 12.1;
				MTL_ENABLE_DEBUG_INFO = NO;
				MTL_FAST_MATH = YES;
				SDKROOT = macosx;
				SWIFT_COMPILATION_MODE = wholemodule;
				SWIFT_OPTIMIZATION_LEVEL = "-O";
			};
			name = Release;
		};
		21ED477C28441439001D61FA /* Debug */ = {
			isa = XCBuildConfiguration;
			buildSettings = {
				CODE_SIGN_STYLE = Automatic;
				DEVELOPMENT_TEAM = N8G9Q3V5FX;
				ENABLE_HARDENED_RUNTIME = YES;
				PRODUCT_NAME = "$(TARGET_NAME)";
				SWIFT_VERSION = 5.0;
			};
			name = Debug;
		};
		21ED477D28441439001D61FA /* Release */ = {
			isa = XCBuildConfiguration;
			buildSettings = {
				CODE_SIGN_STYLE = Automatic;
				DEVELOPMENT_TEAM = N8G9Q3V5FX;
				ENABLE_HARDENED_RUNTIME = YES;
				PRODUCT_NAME = "$(TARGET_NAME)";
				SWIFT_VERSION = 5.0;
			};
			name = Release;
		};
/* End XCBuildConfiguration section */

/* Begin XCConfigurationList section */
		21ED476F28441439001D61FA /* Build configuration list for PBXProject "GasDynamics" */ = {
			isa = XCConfigurationList;
			buildConfigurations = (
				21ED477928441439001D61FA /* Debug */,
				21ED477A28441439001D61FA /* Release */,
			);
			defaultConfigurationIsVisible = 0;
			defaultConfigurationName = Release;
		};
		21ED477B28441439001D61FA /* Build configuration list for PBXNativeTarget "GasDynamics" */ = {
			isa = XCConfigurationList;
			buildConfigurations = (
				21ED477C28441439001D61FA /* Debug */,
				21ED477D28441439001D61FA /* Release */,
			);
			defaultConfigurationIsVisible = 0;
			defaultConfigurationName = Release;
		};
/* End XCConfigurationList section */
	};
	rootObject = 21ED476C28441439001D61FA /* Project object */;
}
