// !$*UTF8*$!
{
	archiveVersion = 1;
	classes = {
	};
	objectVersion = 56;
	objects = {

/* Begin PBXBuildFile section */
		212E22492958BA300037DFA9 /* test_helmholtz_mpi.cpp in Sources */ = {isa = PBXBuildFile; fileRef = 212E22472958BA300037DFA9 /* test_helmholtz_mpi.cpp */; };
		2140BF3828F72CB7002B1E33 /* norms.cpp in Sources */ = {isa = PBXBuildFile; fileRef = 2140BF3628F72CB7002B1E33 /* norms.cpp */; };
		2140BF3E28F73140002B1E33 /* test_lu.cpp in Sources */ = {isa = PBXBuildFile; fileRef = 2140BF3C28F73140002B1E33 /* test_lu.cpp */; };
		2142775228F95BB2009EBA0D /* grid1d.cpp in Sources */ = {isa = PBXBuildFile; fileRef = 2142775028F95BB2009EBA0D /* grid1d.cpp */; };
		2142775728F9624B009EBA0D /* test_helmholtz_omp.cpp in Sources */ = {isa = PBXBuildFile; fileRef = 2142775528F9624B009EBA0D /* test_helmholtz_omp.cpp */; };
		216C90A928F1835F00F3A88C /* algorithm_lu.cpp in Sources */ = {isa = PBXBuildFile; fileRef = 216C90A728F1835F00F3A88C /* algorithm_lu.cpp */; };
		2196E7D728F0BAB70018B18F /* helpers.cpp in Sources */ = {isa = PBXBuildFile; fileRef = 2196E7D528F0BAB70018B18F /* helpers.cpp */; };
		21BBD51C28F097610043676E /* matrix.cpp in Sources */ = {isa = PBXBuildFile; fileRef = 21BBD51B28F097610043676E /* matrix.cpp */; };
		21BFB55B28F844ED00B7DA40 /* algorithm_helmholtz.cpp in Sources */ = {isa = PBXBuildFile; fileRef = 21BFB55A28F844ED00B7DA40 /* algorithm_helmholtz.cpp */; };
		21F8A7F8295B90FA007E53C3 /* _main.cpp in Sources */ = {isa = PBXBuildFile; fileRef = 21F8A7F7295B90FA007E53C3 /* _main.cpp */; };
		21F8A7FD295B9137007E53C3 /* n_bodies_mpi.cpp in Sources */ = {isa = PBXBuildFile; fileRef = 21F8A7FB295B9137007E53C3 /* n_bodies_mpi.cpp */; };
		21FEA12C28F075080070C7F7 /* main.cpp in Sources */ = {isa = PBXBuildFile; fileRef = 21FEA12B28F075080070C7F7 /* main.cpp */; };
/* End PBXBuildFile section */

/* Begin PBXCopyFilesBuildPhase section */
		21FEA12628F075080070C7F7 /* CopyFiles */ = {
			isa = PBXCopyFilesBuildPhase;
			buildActionMask = 2147483647;
			dstPath = /usr/share/man/man1/;
			dstSubfolderSpec = 0;
			files = (
			);
			runOnlyForDeploymentPostprocessing = 1;
		};
/* End PBXCopyFilesBuildPhase section */

/* Begin PBXFileReference section */
		212E22472958BA300037DFA9 /* test_helmholtz_mpi.cpp */ = {isa = PBXFileReference; lastKnownFileType = sourcecode.cpp.cpp; path = test_helmholtz_mpi.cpp; sourceTree = "<group>"; };
		212E22482958BA300037DFA9 /* test_helmholtz_mpi.hpp */ = {isa = PBXFileReference; lastKnownFileType = sourcecode.cpp.h; path = test_helmholtz_mpi.hpp; sourceTree = "<group>"; };
		2140BF3628F72CB7002B1E33 /* norms.cpp */ = {isa = PBXFileReference; lastKnownFileType = sourcecode.cpp.cpp; path = norms.cpp; sourceTree = "<group>"; };
		2140BF3728F72CB7002B1E33 /* norms.hpp */ = {isa = PBXFileReference; lastKnownFileType = sourcecode.cpp.h; path = norms.hpp; sourceTree = "<group>"; };
		2140BF3C28F73140002B1E33 /* test_lu.cpp */ = {isa = PBXFileReference; lastKnownFileType = sourcecode.cpp.cpp; path = test_lu.cpp; sourceTree = "<group>"; };
		2140BF3D28F73140002B1E33 /* test_lu.hpp */ = {isa = PBXFileReference; lastKnownFileType = sourcecode.cpp.h; path = test_lu.hpp; sourceTree = "<group>"; };
		2142775028F95BB2009EBA0D /* grid1d.cpp */ = {isa = PBXFileReference; lastKnownFileType = sourcecode.cpp.cpp; path = grid1d.cpp; sourceTree = "<group>"; };
		2142775128F95BB2009EBA0D /* grid1d.hpp */ = {isa = PBXFileReference; lastKnownFileType = sourcecode.cpp.h; path = grid1d.hpp; sourceTree = "<group>"; };
		2142775528F9624B009EBA0D /* test_helmholtz_omp.cpp */ = {isa = PBXFileReference; lastKnownFileType = sourcecode.cpp.cpp; path = test_helmholtz_omp.cpp; sourceTree = "<group>"; };
		2142775628F9624B009EBA0D /* test_helmholtz_omp.hpp */ = {isa = PBXFileReference; lastKnownFileType = sourcecode.cpp.h; path = test_helmholtz_omp.hpp; sourceTree = "<group>"; };
		216C90A728F1835F00F3A88C /* algorithm_lu.cpp */ = {isa = PBXFileReference; lastKnownFileType = sourcecode.cpp.cpp; path = algorithm_lu.cpp; sourceTree = "<group>"; };
		216C90A828F1835F00F3A88C /* algorithm.hpp */ = {isa = PBXFileReference; lastKnownFileType = sourcecode.cpp.h; path = algorithm.hpp; sourceTree = "<group>"; };
		2196E7D528F0BAB70018B18F /* helpers.cpp */ = {isa = PBXFileReference; lastKnownFileType = sourcecode.cpp.cpp; path = helpers.cpp; sourceTree = "<group>"; };
		2196E7D628F0BAB70018B18F /* helpers.hpp */ = {isa = PBXFileReference; lastKnownFileType = sourcecode.cpp.h; path = helpers.hpp; sourceTree = "<group>"; };
		21BBD51628F0915C0043676E /* matrix.hpp */ = {isa = PBXFileReference; lastKnownFileType = sourcecode.cpp.h; path = matrix.hpp; sourceTree = "<group>"; };
		21BBD51B28F097610043676E /* matrix.cpp */ = {isa = PBXFileReference; lastKnownFileType = sourcecode.cpp.cpp; path = matrix.cpp; sourceTree = "<group>"; };
		21BFB55A28F844ED00B7DA40 /* algorithm_helmholtz.cpp */ = {isa = PBXFileReference; lastKnownFileType = sourcecode.cpp.cpp; path = algorithm_helmholtz.cpp; sourceTree = "<group>"; };
		21F8A7F7295B90FA007E53C3 /* _main.cpp */ = {isa = PBXFileReference; lastKnownFileType = sourcecode.cpp.cpp; path = _main.cpp; sourceTree = "<group>"; };
		21F8A7FB295B9137007E53C3 /* n_bodies_mpi.cpp */ = {isa = PBXFileReference; lastKnownFileType = sourcecode.cpp.cpp; path = n_bodies_mpi.cpp; sourceTree = "<group>"; };
		21F8A7FC295B9137007E53C3 /* n_bodies_mpi.hpp */ = {isa = PBXFileReference; lastKnownFileType = sourcecode.cpp.h; path = n_bodies_mpi.hpp; sourceTree = "<group>"; };
		21FEA12828F075080070C7F7 /* Parallels */ = {isa = PBXFileReference; explicitFileType = "compiled.mach-o.executable"; includeInIndex = 0; path = Parallels; sourceTree = BUILT_PRODUCTS_DIR; };
		21FEA12B28F075080070C7F7 /* main.cpp */ = {isa = PBXFileReference; lastKnownFileType = sourcecode.cpp.cpp; path = main.cpp; sourceTree = "<group>"; };
/* End PBXFileReference section */

/* Begin PBXFrameworksBuildPhase section */
		21FEA12528F075080070C7F7 /* Frameworks */ = {
			isa = PBXFrameworksBuildPhase;
			buildActionMask = 2147483647;
			files = (
			);
			runOnlyForDeploymentPostprocessing = 0;
		};
/* End PBXFrameworksBuildPhase section */

/* Begin PBXGroup section */
		211F74CB29517A6D009AD908 /* main */ = {
			isa = PBXGroup;
			children = (
				21FEA12B28F075080070C7F7 /* main.cpp */,
				21F8A7F7295B90FA007E53C3 /* _main.cpp */,
			);
			path = main;
			sourceTree = "<group>";
		};
		212E22452958B9110037DFA9 /* omp */ = {
			isa = PBXGroup;
			children = (
				2142775628F9624B009EBA0D /* test_helmholtz_omp.hpp */,
				2142775528F9624B009EBA0D /* test_helmholtz_omp.cpp */,
			);
			path = omp;
			sourceTree = "<group>";
		};
		212E22462958B9150037DFA9 /* mpi */ = {
			isa = PBXGroup;
			children = (
				212E22482958BA300037DFA9 /* test_helmholtz_mpi.hpp */,
				212E22472958BA300037DFA9 /* test_helmholtz_mpi.cpp */,
			);
			path = mpi;
			sourceTree = "<group>";
		};
		2140BF3528F72CA5002B1E33 /* norms */ = {
			isa = PBXGroup;
			children = (
				2140BF3728F72CB7002B1E33 /* norms.hpp */,
				2140BF3628F72CB7002B1E33 /* norms.cpp */,
			);
			path = norms;
			sourceTree = "<group>";
		};
		2140BF3A28F7311D002B1E33 /* tests */ = {
			isa = PBXGroup;
			children = (
				21F8A7F9295B910C007E53C3 /* n_bodies */,
				2140BF3B28F73125002B1E33 /* lu */,
				2142775428F9622C009EBA0D /* helmholtz */,
			);
			path = tests;
			sourceTree = "<group>";
		};
		2140BF3B28F73125002B1E33 /* lu */ = {
			isa = PBXGroup;
			children = (
				2140BF3D28F73140002B1E33 /* test_lu.hpp */,
				2140BF3C28F73140002B1E33 /* test_lu.cpp */,
			);
			path = lu;
			sourceTree = "<group>";
		};
		2142774E28F95B89009EBA0D /* grid */ = {
			isa = PBXGroup;
			children = (
				2142774F28F95B9F009EBA0D /* 1d */,
			);
			path = grid;
			sourceTree = "<group>";
		};
		2142774F28F95B9F009EBA0D /* 1d */ = {
			isa = PBXGroup;
			children = (
				2142775128F95BB2009EBA0D /* grid1d.hpp */,
				2142775028F95BB2009EBA0D /* grid1d.cpp */,
			);
			path = 1d;
			sourceTree = "<group>";
		};
		2142775428F9622C009EBA0D /* helmholtz */ = {
			isa = PBXGroup;
			children = (
				212E22452958B9110037DFA9 /* omp */,
				212E22462958B9150037DFA9 /* mpi */,
			);
			path = helmholtz;
			sourceTree = "<group>";
		};
		216C90A528F1833300F3A88C /* core */ = {
			isa = PBXGroup;
			children = (
				21BBD51628F0915C0043676E /* matrix.hpp */,
				21BBD51B28F097610043676E /* matrix.cpp */,
			);
			path = core;
			sourceTree = "<group>";
		};
		216C90A628F1834C00F3A88C /* algorithm */ = {
			isa = PBXGroup;
			children = (
				216C90A828F1835F00F3A88C /* algorithm.hpp */,
				216C90A728F1835F00F3A88C /* algorithm_lu.cpp */,
				21BFB55A28F844ED00B7DA40 /* algorithm_helmholtz.cpp */,
			);
			path = algorithm;
			sourceTree = "<group>";
		};
		21BBD51528F091440043676E /* matrix */ = {
			isa = PBXGroup;
			children = (
				216C90A528F1833300F3A88C /* core */,
				216C90A628F1834C00F3A88C /* algorithm */,
				2140BF3528F72CA5002B1E33 /* norms */,
			);
			path = matrix;
			sourceTree = "<group>";
		};
		21BBD51D28F0ADEA0043676E /* helpers */ = {
			isa = PBXGroup;
			children = (
				2196E7D628F0BAB70018B18F /* helpers.hpp */,
				2196E7D528F0BAB70018B18F /* helpers.cpp */,
			);
			path = helpers;
			sourceTree = "<group>";
		};
		21F8A7F9295B910C007E53C3 /* n_bodies */ = {
			isa = PBXGroup;
			children = (
				21F8A7FA295B912B007E53C3 /* mpi */,
			);
			path = n_bodies;
			sourceTree = "<group>";
		};
		21F8A7FA295B912B007E53C3 /* mpi */ = {
			isa = PBXGroup;
			children = (
				21F8A7FC295B9137007E53C3 /* n_bodies_mpi.hpp */,
				21F8A7FB295B9137007E53C3 /* n_bodies_mpi.cpp */,
			);
			path = mpi;
			sourceTree = "<group>";
		};
		21FEA11F28F075080070C7F7 = {
			isa = PBXGroup;
			children = (
				21FEA12A28F075080070C7F7 /* Parallels */,
				21FEA12928F075080070C7F7 /* Products */,
			);
			sourceTree = "<group>";
		};
		21FEA12928F075080070C7F7 /* Products */ = {
			isa = PBXGroup;
			children = (
				21FEA12828F075080070C7F7 /* Parallels */,
			);
			name = Products;
			sourceTree = "<group>";
		};
		21FEA12A28F075080070C7F7 /* Parallels */ = {
			isa = PBXGroup;
			children = (
				21BBD51D28F0ADEA0043676E /* helpers */,
				21BBD51528F091440043676E /* matrix */,
				2142774E28F95B89009EBA0D /* grid */,
				2140BF3A28F7311D002B1E33 /* tests */,
				211F74CB29517A6D009AD908 /* main */,
			);
			path = Parallels;
			sourceTree = "<group>";
		};
/* End PBXGroup section */

/* Begin PBXNativeTarget section */
		21FEA12728F075080070C7F7 /* Parallels */ = {
			isa = PBXNativeTarget;
			buildConfigurationList = 21FEA12F28F075080070C7F7 /* Build configuration list for PBXNativeTarget "Parallels" */;
			buildPhases = (
				21FEA12428F075080070C7F7 /* Sources */,
				21FEA12528F075080070C7F7 /* Frameworks */,
				21FEA12628F075080070C7F7 /* CopyFiles */,
			);
			buildRules = (
			);
			dependencies = (
			);
			name = Parallels;
			productName = Parallels;
			productReference = 21FEA12828F075080070C7F7 /* Parallels */;
			productType = "com.apple.product-type.tool";
		};
/* End PBXNativeTarget section */

/* Begin PBXProject section */
		21FEA12028F075080070C7F7 /* Project object */ = {
			isa = PBXProject;
			attributes = {
				BuildIndependentTargetsInParallel = 1;
				LastUpgradeCheck = 1400;
				TargetAttributes = {
					21FEA12728F075080070C7F7 = {
						CreatedOnToolsVersion = 14.0;
					};
				};
			};
			buildConfigurationList = 21FEA12328F075080070C7F7 /* Build configuration list for PBXProject "Parallels" */;
			compatibilityVersion = "Xcode 14.0";
			developmentRegion = en;
			hasScannedForEncodings = 0;
			knownRegions = (
				en,
				Base,
			);
			mainGroup = 21FEA11F28F075080070C7F7;
			productRefGroup = 21FEA12928F075080070C7F7 /* Products */;
			projectDirPath = "";
			projectRoot = "";
			targets = (
				21FEA12728F075080070C7F7 /* Parallels */,
			);
		};
/* End PBXProject section */

/* Begin PBXSourcesBuildPhase section */
		21FEA12428F075080070C7F7 /* Sources */ = {
			isa = PBXSourcesBuildPhase;
			buildActionMask = 2147483647;
			files = (
				21F8A7F8295B90FA007E53C3 /* _main.cpp in Sources */,
				21F8A7FD295B9137007E53C3 /* n_bodies_mpi.cpp in Sources */,
				21BBD51C28F097610043676E /* matrix.cpp in Sources */,
				216C90A928F1835F00F3A88C /* algorithm_lu.cpp in Sources */,
				2196E7D728F0BAB70018B18F /* helpers.cpp in Sources */,
				21BFB55B28F844ED00B7DA40 /* algorithm_helmholtz.cpp in Sources */,
				212E22492958BA300037DFA9 /* test_helmholtz_mpi.cpp in Sources */,
				2140BF3828F72CB7002B1E33 /* norms.cpp in Sources */,
				2140BF3E28F73140002B1E33 /* test_lu.cpp in Sources */,
				2142775228F95BB2009EBA0D /* grid1d.cpp in Sources */,
				21FEA12C28F075080070C7F7 /* main.cpp in Sources */,
				2142775728F9624B009EBA0D /* test_helmholtz_omp.cpp in Sources */,
			);
			runOnlyForDeploymentPostprocessing = 0;
		};
/* End PBXSourcesBuildPhase section */

/* Begin XCBuildConfiguration section */
		21FEA12D28F075080070C7F7 /* Debug */ = {
			isa = XCBuildConfiguration;
			buildSettings = {
				ALWAYS_SEARCH_USER_PATHS = NO;
				CLANG_ANALYZER_NONNULL = YES;
				CLANG_ANALYZER_NUMBER_OBJECT_CONVERSION = YES_AGGRESSIVE;
				CLANG_CXX_LANGUAGE_STANDARD = "c++0x";
				CLANG_ENABLE_MODULES = YES;
				CLANG_ENABLE_OBJC_ARC = YES;
				CLANG_ENABLE_OBJC_WEAK = YES;
				CLANG_WARN_BLOCK_CAPTURE_AUTORELEASING = YES;
				CLANG_WARN_BOOL_CONVERSION = YES;
				CLANG_WARN_COMMA = YES;
				CLANG_WARN_CONSTANT_CONVERSION = YES;
				CLANG_WARN_DEPRECATED_OBJC_IMPLEMENTATIONS = YES;
				CLANG_WARN_DIRECT_OBJC_ISA_USAGE = YES_ERROR;
				CLANG_WARN_DOCUMENTATION_COMMENTS = YES;
				CLANG_WARN_EMPTY_BODY = YES;
				CLANG_WARN_ENUM_CONVERSION = YES;
				CLANG_WARN_INFINITE_RECURSION = YES;
				CLANG_WARN_INT_CONVERSION = YES;
				CLANG_WARN_NON_LITERAL_NULL_CONVERSION = YES;
				CLANG_WARN_OBJC_IMPLICIT_RETAIN_SELF = YES;
				CLANG_WARN_OBJC_LITERAL_CONVERSION = YES;
				CLANG_WARN_OBJC_ROOT_CLASS = YES_ERROR;
				CLANG_WARN_QUOTED_INCLUDE_IN_FRAMEWORK_HEADER = YES;
				CLANG_WARN_RANGE_LOOP_ANALYSIS = YES;
				CLANG_WARN_STRICT_PROTOTYPES = YES;
				CLANG_WARN_SUSPICIOUS_MOVE = YES;
				CLANG_WARN_UNGUARDED_AVAILABILITY = YES_AGGRESSIVE;
				CLANG_WARN_UNREACHABLE_CODE = YES;
				CLANG_WARN__DUPLICATE_METHOD_MATCH = YES;
				COPY_PHASE_STRIP = NO;
				DEBUG_INFORMATION_FORMAT = dwarf;
				ENABLE_STRICT_OBJC_MSGSEND = YES;
				ENABLE_TESTABILITY = YES;
				GCC_C_LANGUAGE_STANDARD = gnu11;
				GCC_DYNAMIC_NO_PIC = NO;
				GCC_NO_COMMON_BLOCKS = YES;
				GCC_OPTIMIZATION_LEVEL = 0;
				GCC_PREPROCESSOR_DEFINITIONS = (
					"DEBUG=1",
					"$(inherited)",
				);
				GCC_WARN_64_TO_32_BIT_CONVERSION = YES;
				GCC_WARN_ABOUT_RETURN_TYPE = YES_ERROR;
				GCC_WARN_UNDECLARED_SELECTOR = YES;
				GCC_WARN_UNINITIALIZED_AUTOS = YES_AGGRESSIVE;
				GCC_WARN_UNUSED_FUNCTION = YES;
				GCC_WARN_UNUSED_VARIABLE = YES;
				MACOSX_DEPLOYMENT_TARGET = 12.3;
				MTL_ENABLE_DEBUG_INFO = INCLUDE_SOURCE;
				MTL_FAST_MATH = YES;
				ONLY_ACTIVE_ARCH = YES;
				SDKROOT = macosx;
			};
			name = Debug;
		};
		21FEA12E28F075080070C7F7 /* Release */ = {
			isa = XCBuildConfiguration;
			buildSettings = {
				ALWAYS_SEARCH_USER_PATHS = NO;
				CLANG_ANALYZER_NONNULL = YES;
				CLANG_ANALYZER_NUMBER_OBJECT_CONVERSION = YES_AGGRESSIVE;
				CLANG_CXX_LANGUAGE_STANDARD = "c++0x";
				CLANG_ENABLE_MODULES = YES;
				CLANG_ENABLE_OBJC_ARC = YES;
				CLANG_ENABLE_OBJC_WEAK = YES;
				CLANG_WARN_BLOCK_CAPTURE_AUTORELEASING = YES;
				CLANG_WARN_BOOL_CONVERSION = YES;
				CLANG_WARN_COMMA = YES;
				CLANG_WARN_CONSTANT_CONVERSION = YES;
				CLANG_WARN_DEPRECATED_OBJC_IMPLEMENTATIONS = YES;
				CLANG_WARN_DIRECT_OBJC_ISA_USAGE = YES_ERROR;
				CLANG_WARN_DOCUMENTATION_COMMENTS = YES;
				CLANG_WARN_EMPTY_BODY = YES;
				CLANG_WARN_ENUM_CONVERSION = YES;
				CLANG_WARN_INFINITE_RECURSION = YES;
				CLANG_WARN_INT_CONVERSION = YES;
				CLANG_WARN_NON_LITERAL_NULL_CONVERSION = YES;
				CLANG_WARN_OBJC_IMPLICIT_RETAIN_SELF = YES;
				CLANG_WARN_OBJC_LITERAL_CONVERSION = YES;
				CLANG_WARN_OBJC_ROOT_CLASS = YES_ERROR;
				CLANG_WARN_QUOTED_INCLUDE_IN_FRAMEWORK_HEADER = YES;
				CLANG_WARN_RANGE_LOOP_ANALYSIS = YES;
				CLANG_WARN_STRICT_PROTOTYPES = YES;
				CLANG_WARN_SUSPICIOUS_MOVE = YES;
				CLANG_WARN_UNGUARDED_AVAILABILITY = YES_AGGRESSIVE;
				CLANG_WARN_UNREACHABLE_CODE = YES;
				CLANG_WARN__DUPLICATE_METHOD_MATCH = YES;
				COPY_PHASE_STRIP = NO;
				DEBUG_INFORMATION_FORMAT = "dwarf-with-dsym";
				ENABLE_NS_ASSERTIONS = NO;
				ENABLE_STRICT_OBJC_MSGSEND = YES;
				GCC_C_LANGUAGE_STANDARD = gnu11;
				GCC_NO_COMMON_BLOCKS = YES;
				GCC_WARN_64_TO_32_BIT_CONVERSION = YES;
				GCC_WARN_ABOUT_RETURN_TYPE = YES_ERROR;
				GCC_WARN_UNDECLARED_SELECTOR = YES;
				GCC_WARN_UNINITIALIZED_AUTOS = YES_AGGRESSIVE;
				GCC_WARN_UNUSED_FUNCTION = YES;
				GCC_WARN_UNUSED_VARIABLE = YES;
				MACOSX_DEPLOYMENT_TARGET = 12.3;
				MTL_ENABLE_DEBUG_INFO = NO;
				MTL_FAST_MATH = YES;
				SDKROOT = macosx;
			};
			name = Release;
		};
		21FEA13028F075080070C7F7 /* Debug */ = {
			isa = XCBuildConfiguration;
			buildSettings = {
				CODE_SIGN_STYLE = Automatic;
				DEVELOPMENT_TEAM = N8G9Q3V5FX;
				ENABLE_HARDENED_RUNTIME = YES;
				PRODUCT_NAME = "$(TARGET_NAME)";
			};
			name = Debug;
		};
		21FEA13128F075080070C7F7 /* Release */ = {
			isa = XCBuildConfiguration;
			buildSettings = {
				CODE_SIGN_STYLE = Automatic;
				DEVELOPMENT_TEAM = N8G9Q3V5FX;
				ENABLE_HARDENED_RUNTIME = YES;
				PRODUCT_NAME = "$(TARGET_NAME)";
			};
			name = Release;
		};
/* End XCBuildConfiguration section */

/* Begin XCConfigurationList section */
		21FEA12328F075080070C7F7 /* Build configuration list for PBXProject "Parallels" */ = {
			isa = XCConfigurationList;
			buildConfigurations = (
				21FEA12D28F075080070C7F7 /* Debug */,
				21FEA12E28F075080070C7F7 /* Release */,
			);
			defaultConfigurationIsVisible = 0;
			defaultConfigurationName = Release;
		};
		21FEA12F28F075080070C7F7 /* Build configuration list for PBXNativeTarget "Parallels" */ = {
			isa = XCConfigurationList;
			buildConfigurations = (
				21FEA13028F075080070C7F7 /* Debug */,
				21FEA13128F075080070C7F7 /* Release */,
			);
			defaultConfigurationIsVisible = 0;
			defaultConfigurationName = Release;
		};
/* End XCConfigurationList section */
	};
	rootObject = 21FEA12028F075080070C7F7 /* Project object */;
}
